{
  "version": "5",
  "remote": {
    "https://edge.netlify.com/": "fd941d61d88673d5f28aab283fb86fcc50f08a3bc80ee5470498fcfa88c65cfb",
    "https://edge.netlify.com/bootstrap/config.ts": "6a2ce0e544e15e8f8883a5c18da5948e37fd0f2619f68cb31f3af53c51817025",
    "https://edge.netlify.com/bootstrap/context.ts": "e97240232121e2f369f6546ce961490f34d961ea1ea54be3ff09633e3f08373f",
    "https://edge.netlify.com/bootstrap/cookie.ts": "8b0baae708989ca183c6f3b4ab3d029e6abcbc2e43f93edeb0ff447b3bbc3a05",
    "https://edge.netlify.com/bootstrap/edge_function.ts": "b8253e86aa83c67341f5cfedeba5049d77fbf84dcab7eceff7566b7728ae9b39",
    "https://edge.netlify.com/bootstrap/globals/types.ts": "eaa6148ded3121d8dee62dd91c86e7fe76601df0f3ca8d7962243a30f4c8935f"
  },
  "workspace": {
    "packageJson": {
      "dependencies": [
        "npm:@clack/prompts@0.11",
        "npm:@floating-ui/dom@^1.7.4",
        "npm:@myriaddreamin/rehype-typst@0.6",
        "npm:@napi-rs/simple-git@0.1.22",
        "npm:@tweenjs/tween.js@25",
        "npm:@types/d3@^7.4.3",
        "npm:@types/hast@^3.0.4",
        "npm:@types/js-yaml@^4.0.9",
        "npm:@types/node@^25.0.3",
        "npm:@types/pretty-time@^1.1.5",
        "npm:@types/source-map-support@~0.5.10",
        "npm:@types/ws@^8.18.1",
        "npm:@types/yargs@^17.0.35",
        "npm:ansi-truncate@^1.4.0",
        "npm:async-mutex@0.5",
        "npm:chokidar@5",
        "npm:cli-spinner@~0.2.10",
        "npm:d3@^7.9.0",
        "npm:esbuild-sass-plugin@^3.3.1",
        "npm:esbuild@~0.27.2",
        "npm:flexsearch@~0.8.205",
        "npm:github-slugger@2",
        "npm:globby@^16.1.0",
        "npm:gray-matter@^4.0.3",
        "npm:hast-util-to-html@^9.0.5",
        "npm:hast-util-to-jsx-runtime@^2.3.6",
        "npm:hast-util-to-string@^3.0.1",
        "npm:is-absolute-url@5",
        "npm:js-yaml@^4.1.1",
        "npm:lightningcss@^1.30.2",
        "npm:mdast-util-find-and-replace@^3.0.2",
        "npm:mdast-util-to-hast@^13.2.1",
        "npm:mdast-util-to-string@4",
        "npm:micromorph@~0.4.5",
        "npm:minimatch@^10.1.1",
        "npm:pixi.js@^8.14.3",
        "npm:preact-render-to-string@^6.6.4",
        "npm:preact@^10.28.0",
        "npm:prettier@^3.7.4",
        "npm:pretty-bytes@^7.1.0",
        "npm:pretty-time@^1.1.0",
        "npm:reading-time@^1.5.0",
        "npm:rehype-autolink-headings@^7.1.0",
        "npm:rehype-citation@^2.3.1",
        "npm:rehype-katex@^7.0.1",
        "npm:rehype-mathjax@^7.1.0",
        "npm:rehype-pretty-code@~0.14.1",
        "npm:rehype-raw@7",
        "npm:rehype-slug@6",
        "npm:remark-breaks@4",
        "npm:remark-frontmatter@5",
        "npm:remark-gfm@^4.0.1",
        "npm:remark-math@6",
        "npm:remark-parse@11",
        "npm:remark-rehype@^11.1.2",
        "npm:remark-smartypants@^3.0.2",
        "npm:remark@^15.0.1",
        "npm:rfdc@^1.4.1",
        "npm:satori@~0.18.3",
        "npm:serve-handler@^6.1.6",
        "npm:sharp@~0.34.5",
        "npm:shiki@^1.26.2",
        "npm:source-map-support@~0.5.21",
        "npm:to-vfile@8",
        "npm:toml@3",
        "npm:tsx@^4.21.0",
        "npm:typescript@^5.9.3",
        "npm:unified@^11.0.5",
        "npm:unist-util-visit@5",
        "npm:vfile@^6.0.3",
        "npm:workerpool@^10.0.1",
        "npm:ws@^8.18.3",
        "npm:yargs@18"
      ]
    }
  }
}
